{
  "name": "GQLTodoDemo",
  "lockfileVersion": 2,
  "requires": true,
  "packages": {
    "": {
      "dependencies": {
        "jotai": "^2.3.1"
      }
    },
    "node_modules/jotai": {
      "version": "2.3.1",
      "resolved": "https://registry.npmjs.org/jotai/-/jotai-2.3.1.tgz",
      "integrity": "sha512-pXhx8/MeRUAHbzayerEUf9NHvP+Ba3q9WAvIMjaSwwuSCKEFhb8UW4XuZPC+Bv4u2ufvlyrxIZ+vy5UJ3f8JsQ==",
      "engines": {
        "node": ">=12.20.0"
      },
      "peerDependencies": {
        "@types/react": ">=17.0.0",
        "react": ">=17.0.0"
      },
      "peerDependenciesMeta": {
        "@types/react": {
          "optional": true
        },
        "react": {
          "optional": true
        }
      }
    }
  },
  "dependencies": {
    "jotai": {
      "version": "2.3.1",
      "resolved": "https://registry.npmjs.org/jotai/-/jotai-2.3.1.tgz",
      "integrity": "sha512-pXhx8/MeRUAHbzayerEUf9NHvP+Ba3q9WAvIMjaSwwuSCKEFhb8UW4XuZPC+Bv4u2ufvlyrxIZ+vy5UJ3f8JsQ==",
      "requires": {}
    }
  }
}
